<?xml version="1.0" encoding="utf-8"?>
<Project ToolsVersion="4.0" xmlns="http://schemas.microsoft.com/developer/msbuild/2003">
  <ItemGroup>
    <Filter Include="Pliki źródłowe">
      <UniqueIdentifier>{4FC737F1-C7A5-4376-A066-2A32D752A2FF}</UniqueIdentifier>
      <Extensions>cpp;c;cc;cxx;def;odl;idl;hpj;bat;asm;asmx</Extensions>
    </Filter>
    <Filter Include="Pliki nagłówkowe">
      <UniqueIdentifier>{93995380-89BD-4b04-88EB-625FBE52EBFB}</UniqueIdentifier>
      <Extensions>h;hh;hpp;hxx;hm;inl;inc;ipp;xsd</Extensions>
    </Filter>
    <Filter Include="Pliki zasobów">
      <UniqueIdentifier>{67DA6AB6-F800-4c08-8B7A-83BB121AAD01}</UniqueIdentifier>
      <Extensions>rc;ico;cur;bmp;dlg;rc2;rct;bin;rgs;gif;jpg;jpeg;jpe;resx;tiff;tif;png;wav;mfcribbon-ms</Extensions>
    </Filter>
  </ItemGroup>
  <ItemGroup>
    <ClInclude Include="stdafx.h">
      <Filter>Pliki nagłówkowe</Filter>
    </ClInclude>
    <ClInclude Include="targetver.h">
      <Filter>Pliki nagłówkowe</Filter>
    </ClInclude>
    <ClInclude Include="Lines.h">
      <Filter>Pliki nagłówkowe</Filter>
    </ClInclude>
    <ClInclude Include="Result_Board.h">
      <Filter>Pliki nagłówkowe</Filter>
    </ClInclude>
    <ClInclude Include="Scenario.h">
      <Filter>Pliki nagłówkowe</Filter>
    </ClInclude>
    <ClInclude Include="Scenario_Holder.h">
      <Filter>Pliki nagłówkowe</Filter>
    </ClInclude>
    <ClInclude Include="Slot_01.h">
      <Filter>Pliki nagłówkowe</Filter>
    </ClInclude>
    <ClInclude Include="Slot_Base.h">
      <Filter>Pliki nagłówkowe</Filter>
    </ClInclude>
    <ClInclude Include="Symbols.h">
      <Filter>Pliki nagłówkowe</Filter>
    </ClInclude>
    <ClInclude Include="Win_Cycle.h">
      <Filter>Pliki nagłówkowe</Filter>
    </ClInclude>
    <ClInclude Include="Data_Holders.h">
      <Filter>Pliki nagłówkowe</Filter>
    </ClInclude>
    <ClInclude Include="Specials.h">
      <Filter>Pliki nagłówkowe</Filter>
    </ClInclude>
    <ClInclude Include="Lines_Designer.h">
      <Filter>Pliki nagłówkowe</Filter>
    </ClInclude>
    <ClInclude Include="Probability.h">
      <Filter>Pliki nagłówkowe</Filter>
    </ClInclude>
    <ClInclude Include="Slot_02.h">
      <Filter>Pliki nagłówkowe</Filter>
    </ClInclude>
    <ClInclude Include="Slot_03.h">
      <Filter>Pliki nagłówkowe</Filter>
    </ClInclude>
    <ClInclude Include="Slot_04.h">
      <Filter>Pliki nagłówkowe</Filter>
    </ClInclude>
    <ClInclude Include="Slot_05.h">
      <Filter>Pliki nagłówkowe</Filter>
    </ClInclude>
    <ClInclude Include="Multipler.h">
      <Filter>Pliki nagłówkowe</Filter>
    </ClInclude>
    <ClInclude Include="Slot_06.h">
      <Filter>Pliki nagłówkowe</Filter>
    </ClInclude>
  </ItemGroup>
  <ItemGroup>
    <ClCompile Include="stdafx.cpp">
      <Filter>Pliki źródłowe</Filter>
    </ClCompile>
    <ClCompile Include="Preprocesor.cpp">
      <Filter>Pliki źródłowe</Filter>
    </ClCompile>
    <ClCompile Include="Lines.cpp">
      <Filter>Pliki źródłowe</Filter>
    </ClCompile>
    <ClCompile Include="Result_Board.cpp">
      <Filter>Pliki źródłowe</Filter>
    </ClCompile>
    <ClCompile Include="Scenario.cpp">
      <Filter>Pliki źródłowe</Filter>
    </ClCompile>
    <ClCompile Include="Scenario_Holder.cpp">
      <Filter>Pliki źródłowe</Filter>
    </ClCompile>
    <ClCompile Include="Slot_01.cpp">
      <Filter>Pliki źródłowe</Filter>
    </ClCompile>
    <ClCompile Include="Slot_Base.cpp">
      <Filter>Pliki źródłowe</Filter>
    </ClCompile>
    <ClCompile Include="Slots_Draw_Machine.cpp">
      <Filter>Pliki źródłowe</Filter>
    </ClCompile>
    <ClCompile Include="Symbols.cpp">
      <Filter>Pliki źródłowe</Filter>
    </ClCompile>
    <ClCompile Include="Win_Cycle.cpp">
      <Filter>Pliki źródłowe</Filter>
    </ClCompile>
    <ClCompile Include="Specials.cpp">
      <Filter>Pliki źródłowe</Filter>
    </ClCompile>
    <ClCompile Include="Lines_Designer.cpp">
      <Filter>Pliki źródłowe</Filter>
    </ClCompile>
    <ClCompile Include="Probability.cpp">
      <Filter>Pliki źródłowe</Filter>
    </ClCompile>
    <ClCompile Include="Slot_02.cpp">
      <Filter>Pliki źródłowe</Filter>
    </ClCompile>
    <ClCompile Include="Slot_03.cpp">
      <Filter>Pliki źródłowe</Filter>
    </ClCompile>
    <ClCompile Include="Slot_04.cpp">
      <Filter>Pliki źródłowe</Filter>
    </ClCompile>
    <ClCompile Include="Slot_05.cpp">
      <Filter>Pliki źródłowe</Filter>
    </ClCompile>
    <ClCompile Include="Multipler.cpp">
      <Filter>Pliki źródłowe</Filter>
    </ClCompile>
    <ClCompile Include="Slot_06.cpp">
      <Filter>Pliki źródłowe</Filter>
    </ClCompile>
  </ItemGroup>
  <ItemGroup>
    <None Include="ClassDiagram.cd" />
    <None Include="Parameters.cfg">
      <Filter>Pliki nagłówkowe</Filter>
    </None>
  </ItemGroup>
</Project>